
Microsoft Visual Studio Solution File, Format Version 11.00
# Visual Studio 2010
Project("{FAE04EC0-301F-11D3-BF4B-00C04F79EFBC}") = "UnityEngine.UI", "UnityEngine.UI.csproj", "{853db1cf-3c51-d79f-1ab8-02cee815e863}"
EndProject
Project("{FAE04EC0-301F-11D3-BF4B-00C04F79EFBC}") = "Assembly-CSharp", "Assembly-CSharp.csproj", "{d898c060-b1ad-ebea-95d1-805167b92b66}"
EndProject
Project("{FAE04EC0-301F-11D3-BF4B-00C04F79EFBC}") = "Unity.2D.Sprite.Editor", "Unity.2D.Sprite.Editor.csproj", "{0cd06ce3-5742-0e4a-3f06-1723494044b5}"
EndProject
Project("{FAE04EC0-301F-11D3-BF4B-00C04F79EFBC}") = "UnityEditor.UI", "UnityEditor.UI.csproj", "{ec1be747-3e20-cf79-507e-3d00ddd2d2b8}"
EndProject
Global
	GlobalSection(SolutionConfigurationPlatforms) = preSolution
		Debug|Any CPU = Debug|Any CPU
	EndGlobalSection
	GlobalSection(ProjectConfigurationPlatforms) = postSolution
		{853db1cf-3c51-d79f-1ab8-02cee815e863}.Debug|Any CPU.ActiveCfg = Debug|Any CPU
		{853db1cf-3c51-d79f-1ab8-02cee815e863}.Debug|Any CPU.Build.0 = Debug|Any CPU
		{d898c060-b1ad-ebea-95d1-805167b92b66}.Debug|Any CPU.ActiveCfg = Debug|Any CPU
		{d898c060-b1ad-ebea-95d1-805167b92b66}.Debug|Any CPU.Build.0 = Debug|Any CPU
		{0cd06ce3-5742-0e4a-3f06-1723494044b5}.Debug|Any CPU.ActiveCfg = Debug|Any CPU
		{0cd06ce3-5742-0e4a-3f06-1723494044b5}.Debug|Any CPU.Build.0 = Debug|Any CPU
		{ec1be747-3e20-cf79-507e-3d00ddd2d2b8}.Debug|Any CPU.ActiveCfg = Debug|Any CPU
		{ec1be747-3e20-cf79-507e-3d00ddd2d2b8}.Debug|Any CPU.Build.0 = Debug|Any CPU
	EndGlobalSection
	GlobalSection(SolutionProperties) = preSolution
		HideSolutionNode = FALSE
	EndGlobalSection
EndGlobal
